
Microsoft Visual Studio Solution File, Format Version 12.00
# Visual Studio Version 17
VisualStudioVersion = 17.4.33205.214
MinimumVisualStudioVersion = 10.0.40219.1
Project("{FAE04EC0-301F-11D3-BF4B-00C04F79EFBC}") = "MVVMCrossDemo.Android", "MVVMCrossDemo\MVVMCrossDemo.Android\MVVMCrossDemo.Android.csproj", "{FD0C3274-B080-4154-BD8B-F4DF8FBD33C9}"
EndProject
Project("{FAE04EC0-301F-11D3-BF4B-00C04F79EFBC}") = "MVVMCrossDemo.iOS", "MVVMCrossDemo\MVVMCrossDemo.iOS\MVVMCrossDemo.iOS.csproj", "{E592680B-DFC9-43E3-A92F-64A575203818}"
EndProject
Project("{FAE04EC0-301F-11D3-BF4B-00C04F79EFBC}") = "MVVMCrossDemo", "MVVMCrossDemo\MVVMCrossDemo\MVVMCrossDemo.csproj", "{82FA2630-4301-447E-9747-EACB0C0A8E4F}"
EndProject
Project("{FAE04EC0-301F-11D3-BF4B-00C04F79EFBC}") = "MvxForms.Core", "MvxForms.Core\MvxForms.Core.csproj", "{32BCA2BC-0B84-4ED6-8FA7-B574BDCB9EE2}"
EndProject
Global
	GlobalSection(SolutionConfigurationPlatforms) = preSolution
		Debug|Any CPU = Debug|Any CPU
		Debug|iPhone = Debug|iPhone
		Debug|iPhoneSimulator = Debug|iPhoneSimulator
		Release|Any CPU = Release|Any CPU
		Release|iPhone = Release|iPhone
		Release|iPhoneSimulator = Release|iPhoneSimulator
	EndGlobalSection
	GlobalSection(ProjectConfigurationPlatforms) = postSolution
		{FD0C3274-B080-4154-BD8B-F4DF8FBD33C9}.Debug|Any CPU.ActiveCfg = Debug|Any CPU
		{FD0C3274-B080-4154-BD8B-F4DF8FBD33C9}.Debug|Any CPU.Build.0 = Debug|Any CPU
		{FD0C3274-B080-4154-BD8B-F4DF8FBD33C9}.Debug|Any CPU.Deploy.0 = Debug|Any CPU
		{FD0C3274-B080-4154-BD8B-F4DF8FBD33C9}.Debug|iPhone.ActiveCfg = Debug|Any CPU
		{FD0C3274-B080-4154-BD8B-F4DF8FBD33C9}.Debug|iPhone.Build.0 = Debug|Any CPU
		{FD0C3274-B080-4154-BD8B-F4DF8FBD33C9}.Debug|iPhone.Deploy.0 = Debug|Any CPU
		{FD0C3274-B080-4154-BD8B-F4DF8FBD33C9}.Debug|iPhoneSimulator.ActiveCfg = Debug|Any CPU
		{FD0C3274-B080-4154-BD8B-F4DF8FBD33C9}.Debug|iPhoneSimulator.Build.0 = Debug|Any CPU
		{FD0C3274-B080-4154-BD8B-F4DF8FBD33C9}.Debug|iPhoneSimulator.Deploy.0 = Debug|Any CPU
		{FD0C3274-B080-4154-BD8B-F4DF8FBD33C9}.Release|Any CPU.ActiveCfg = Release|Any CPU
		{FD0C3274-B080-4154-BD8B-F4DF8FBD33C9}.Release|Any CPU.Build.0 = Release|Any CPU
		{FD0C3274-B080-4154-BD8B-F4DF8FBD33C9}.Release|Any CPU.Deploy.0 = Release|Any CPU
		{FD0C3274-B080-4154-BD8B-F4DF8FBD33C9}.Release|iPhone.ActiveCfg = Release|Any CPU
		{FD0C3274-B080-4154-BD8B-F4DF8FBD33C9}.Release|iPhone.Build.0 = Release|Any CPU
		{FD0C3274-B080-4154-BD8B-F4DF8FBD33C9}.Release|iPhone.Deploy.0 = Release|Any CPU
		{FD0C3274-B080-4154-BD8B-F4DF8FBD33C9}.Release|iPhoneSimulator.ActiveCfg = Release|Any CPU
		{FD0C3274-B080-4154-BD8B-F4DF8FBD33C9}.Release|iPhoneSimulator.Build.0 = Release|Any CPU
		{FD0C3274-B080-4154-BD8B-F4DF8FBD33C9}.Release|iPhoneSimulator.Deploy.0 = Release|Any CPU
		{E592680B-DFC9-43E3-A92F-64A575203818}.Debug|Any CPU.ActiveCfg = Debug|iPhone
		{E592680B-DFC9-43E3-A92F-64A575203818}.Debug|Any CPU.Build.0 = Debug|iPhone
		{E592680B-DFC9-43E3-A92F-64A575203818}.Debug|Any CPU.Deploy.0 = Debug|iPhone
		{E592680B-DFC9-43E3-A92F-64A575203818}.Debug|iPhone.ActiveCfg = Debug|iPhone
		{E592680B-DFC9-43E3-A92F-64A575203818}.Debug|iPhone.Build.0 = Debug|iPhone
		{E592680B-DFC9-43E3-A92F-64A575203818}.Debug|iPhone.Deploy.0 = Debug|iPhone
		{E592680B-DFC9-43E3-A92F-64A575203818}.Debug|iPhoneSimulator.ActiveCfg = Debug|iPhoneSimulator
		{E592680B-DFC9-43E3-A92F-64A575203818}.Debug|iPhoneSimulator.Build.0 = Debug|iPhoneSimulator
		{E592680B-DFC9-43E3-A92F-64A575203818}.Debug|iPhoneSimulator.Deploy.0 = Debug|iPhoneSimulator
		{E592680B-DFC9-43E3-A92F-64A575203818}.Release|Any CPU.ActiveCfg = Release|iPhoneSimulator
		{E592680B-DFC9-43E3-A92F-64A575203818}.Release|Any CPU.Build.0 = Release|iPhoneSimulator
		{E592680B-DFC9-43E3-A92F-64A575203818}.Release|Any CPU.Deploy.0 = Release|iPhoneSimulator
		{E592680B-DFC9-43E3-A92F-64A575203818}.Release|iPhone.ActiveCfg = Release|iPhone
		{E592680B-DFC9-43E3-A92F-64A575203818}.Release|iPhone.Build.0 = Release|iPhone
		{E592680B-DFC9-43E3-A92F-64A575203818}.Release|iPhone.Deploy.0 = Release|iPhone
		{E592680B-DFC9-43E3-A92F-64A575203818}.Release|iPhoneSimulator.ActiveCfg = Release|iPhoneSimulator
		{E592680B-DFC9-43E3-A92F-64A575203818}.Release|iPhoneSimulator.Build.0 = Release|iPhoneSimulator
		{E592680B-DFC9-43E3-A92F-64A575203818}.Release|iPhoneSimulator.Deploy.0 = Release|iPhoneSimulator
		{82FA2630-4301-447E-9747-EACB0C0A8E4F}.Debug|Any CPU.ActiveCfg = Debug|Any CPU
		{82FA2630-4301-447E-9747-EACB0C0A8E4F}.Debug|Any CPU.Build.0 = Debug|Any CPU
		{82FA2630-4301-447E-9747-EACB0C0A8E4F}.Debug|Any CPU.Deploy.0 = Debug|Any CPU
		{82FA2630-4301-447E-9747-EACB0C0A8E4F}.Debug|iPhone.ActiveCfg = Debug|Any CPU
		{82FA2630-4301-447E-9747-EACB0C0A8E4F}.Debug|iPhone.Build.0 = Debug|Any CPU
		{82FA2630-4301-447E-9747-EACB0C0A8E4F}.Debug|iPhone.Deploy.0 = Debug|Any CPU
		{82FA2630-4301-447E-9747-EACB0C0A8E4F}.Debug|iPhoneSimulator.ActiveCfg = Debug|Any CPU
		{82FA2630-4301-447E-9747-EACB0C0A8E4F}.Debug|iPhoneSimulator.Build.0 = Debug|Any CPU
		{82FA2630-4301-447E-9747-EACB0C0A8E4F}.Debug|iPhoneSimulator.Deploy.0 = Debug|Any CPU
		{82FA2630-4301-447E-9747-EACB0C0A8E4F}.Release|Any CPU.ActiveCfg = Release|Any CPU
		{82FA2630-4301-447E-9747-EACB0C0A8E4F}.Release|Any CPU.Build.0 = Release|Any CPU
		{82FA2630-4301-447E-9747-EACB0C0A8E4F}.Release|Any CPU.Deploy.0 = Release|Any CPU
		{82FA2630-4301-447E-9747-EACB0C0A8E4F}.Release|iPhone.ActiveCfg = Release|Any CPU
		{82FA2630-4301-447E-9747-EACB0C0A8E4F}.Release|iPhone.Build.0 = Release|Any CPU
		{82FA2630-4301-447E-9747-EACB0C0A8E4F}.Release|iPhone.Deploy.0 = Release|Any CPU
		{82FA2630-4301-447E-9747-EACB0C0A8E4F}.Release|iPhoneSimulator.ActiveCfg = Release|Any CPU
		{82FA2630-4301-447E-9747-EACB0C0A8E4F}.Release|iPhoneSimulator.Build.0 = Release|Any CPU
		{82FA2630-4301-447E-9747-EACB0C0A8E4F}.Release|iPhoneSimulator.Deploy.0 = Release|Any CPU
		{32BCA2BC-0B84-4ED6-8FA7-B574BDCB9EE2}.Debug|Any CPU.ActiveCfg = Debug|Any CPU
		{32BCA2BC-0B84-4ED6-8FA7-B574BDCB9EE2}.Debug|Any CPU.Build.0 = Debug|Any CPU
		{32BCA2BC-0B84-4ED6-8FA7-B574BDCB9EE2}.Debug|iPhone.ActiveCfg = Debug|Any CPU
		{32BCA2BC-0B84-4ED6-8FA7-B574BDCB9EE2}.Debug|iPhone.Build.0 = Debug|Any CPU
		{32BCA2BC-0B84-4ED6-8FA7-B574BDCB9EE2}.Debug|iPhoneSimulator.ActiveCfg = Debug|Any CPU
		{32BCA2BC-0B84-4ED6-8FA7-B574BDCB9EE2}.Debug|iPhoneSimulator.Build.0 = Debug|Any CPU
		{32BCA2BC-0B84-4ED6-8FA7-B574BDCB9EE2}.Release|Any CPU.ActiveCfg = Release|Any CPU
		{32BCA2BC-0B84-4ED6-8FA7-B574BDCB9EE2}.Release|Any CPU.Build.0 = Release|Any CPU
		{32BCA2BC-0B84-4ED6-8FA7-B574BDCB9EE2}.Release|iPhone.ActiveCfg = Release|Any CPU
		{32BCA2BC-0B84-4ED6-8FA7-B574BDCB9EE2}.Release|iPhone.Build.0 = Release|Any CPU
		{32BCA2BC-0B84-4ED6-8FA7-B574BDCB9EE2}.Release|iPhoneSimulator.ActiveCfg = Release|Any CPU
		{32BCA2BC-0B84-4ED6-8FA7-B574BDCB9EE2}.Release|iPhoneSimulator.Build.0 = Release|Any CPU
	EndGlobalSection
	GlobalSection(SolutionProperties) = preSolution
		HideSolutionNode = FALSE
	EndGlobalSection
	GlobalSection(ExtensibilityGlobals) = postSolution
		SolutionGuid = {4A95C412-6EC7-499C-B362-5E25EE7DC7A6}
	EndGlobalSection
EndGlobal
